// !$*UTF8*$!
{
	archiveVersion = 1;
	classes = {
	};
	objectVersion = 56;
	objects = {

/* Begin PBXBuildFile section */
		F561C9302BCAB057000CA58A /* BooksRepository.swift in Sources */ = {isa = PBXBuildFile; fileRef = F561C92F2BCAB056000CA58A /* BooksRepository.swift */; };
		F561C9332BCAB105000CA58A /* RemoteBooksDataSource.swift in Sources */ = {isa = PBXBuildFile; fileRef = F561C9322BCAB105000CA58A /* RemoteBooksDataSource.swift */; };
		F561C9362BCAB12E000CA58A /* TimetonicDTO.swift in Sources */ = {isa = PBXBuildFile; fileRef = F561C9352BCAB12E000CA58A /* TimetonicDTO.swift */; };
		F561C9442BCAB362000CA58A /* FetchBooksUseCase.swift in Sources */ = {isa = PBXBuildFile; fileRef = F561C9432BCAB362000CA58A /* FetchBooksUseCase.swift */; };
		F561C9462BCAB390000CA58A /* BooksProtocol.swift in Sources */ = {isa = PBXBuildFile; fileRef = F561C9452BCAB390000CA58A /* BooksProtocol.swift */; };
		F561C9482BCAB3A3000CA58A /* Book.swift in Sources */ = {isa = PBXBuildFile; fileRef = F561C9472BCAB3A3000CA58A /* Book.swift */; };
		F561C94A2BCC8322000CA58A /* Constants.swift in Sources */ = {isa = PBXBuildFile; fileRef = F561C9492BCC8322000CA58A /* Constants.swift */; };
		F561C94D2BCC8E6B000CA58A /* UILayerInterfaces.swift in Sources */ = {isa = PBXBuildFile; fileRef = F561C94C2BCC8E6B000CA58A /* UILayerInterfaces.swift */; };
		F561C94F2BCC94A9000CA58A /* Login.swift in Sources */ = {isa = PBXBuildFile; fileRef = F561C94E2BCC94A9000CA58A /* Login.swift */; };
		F561C9512BCC96E5000CA58A /* LoginUseCase.swift in Sources */ = {isa = PBXBuildFile; fileRef = F561C9502BCC96E5000CA58A /* LoginUseCase.swift */; };
		F561C9582BCCA982000CA58A /* Provider.swift in Sources */ = {isa = PBXBuildFile; fileRef = F561C9572BCCA982000CA58A /* Provider.swift */; };
		F56A89282BC8AF4B0016307E /* TimetonicApp.swift in Sources */ = {isa = PBXBuildFile; fileRef = F56A89272BC8AF4B0016307E /* TimetonicApp.swift */; };
		F56A892A2BC8AF4B0016307E /* MainView.swift in Sources */ = {isa = PBXBuildFile; fileRef = F56A89292BC8AF4B0016307E /* MainView.swift */; };
		F56A892C2BC8AF4E0016307E /* Assets.xcassets in Resources */ = {isa = PBXBuildFile; fileRef = F56A892B2BC8AF4E0016307E /* Assets.xcassets */; };
		F56A89302BC8AF4E0016307E /* Preview Assets.xcassets in Resources */ = {isa = PBXBuildFile; fileRef = F56A892F2BC8AF4E0016307E /* Preview Assets.xcassets */; };
		F56A89372BC8AF760016307E /* LoginPageView.swift in Sources */ = {isa = PBXBuildFile; fileRef = F56A89362BC8AF760016307E /* LoginPageView.swift */; };
		F56A893A2BC8AFCE0016307E /* Modifiers.swift in Sources */ = {isa = PBXBuildFile; fileRef = F56A89392BC8AFCE0016307E /* Modifiers.swift */; };
		F56A89412BC8BD1A0016307E /* LoginPageViewModel.swift in Sources */ = {isa = PBXBuildFile; fileRef = F56A89402BC8BD1A0016307E /* LoginPageViewModel.swift */; };
		F56A89432BC8BD280016307E /* LandingPageView.swift in Sources */ = {isa = PBXBuildFile; fileRef = F56A89422BC8BD280016307E /* LandingPageView.swift */; };
		F56A89452BC8BD4C0016307E /* LandingPageViewModel.swift in Sources */ = {isa = PBXBuildFile; fileRef = F56A89442BC8BD4C0016307E /* LandingPageViewModel.swift */; };
		F56A89482BC8DD7F0016307E /* LandingPageCell.swift in Sources */ = {isa = PBXBuildFile; fileRef = F56A89472BC8DD7F0016307E /* LandingPageCell.swift */; };
/* End PBXBuildFile section */

/* Begin PBXFileReference section */
		F561C92F2BCAB056000CA58A /* BooksRepository.swift */ = {isa = PBXFileReference; lastKnownFileType = sourcecode.swift; path = BooksRepository.swift; sourceTree = "<group>"; };
		F561C9322BCAB105000CA58A /* RemoteBooksDataSource.swift */ = {isa = PBXFileReference; lastKnownFileType = sourcecode.swift; path = RemoteBooksDataSource.swift; sourceTree = "<group>"; };
		F561C9352BCAB12E000CA58A /* TimetonicDTO.swift */ = {isa = PBXFileReference; lastKnownFileType = sourcecode.swift; path = TimetonicDTO.swift; sourceTree = "<group>"; };
		F561C9432BCAB362000CA58A /* FetchBooksUseCase.swift */ = {isa = PBXFileReference; lastKnownFileType = sourcecode.swift; path = FetchBooksUseCase.swift; sourceTree = "<group>"; };
		F561C9452BCAB390000CA58A /* BooksProtocol.swift */ = {isa = PBXFileReference; lastKnownFileType = sourcecode.swift; path = BooksProtocol.swift; sourceTree = "<group>"; };
		F561C9472BCAB3A3000CA58A /* Book.swift */ = {isa = PBXFileReference; lastKnownFileType = sourcecode.swift; path = Book.swift; sourceTree = "<group>"; };
		F561C9492BCC8322000CA58A /* Constants.swift */ = {isa = PBXFileReference; lastKnownFileType = sourcecode.swift; path = Constants.swift; sourceTree = "<group>"; };
		F561C94C2BCC8E6B000CA58A /* UILayerInterfaces.swift */ = {isa = PBXFileReference; lastKnownFileType = sourcecode.swift; path = UILayerInterfaces.swift; sourceTree = "<group>"; };
		F561C94E2BCC94A9000CA58A /* Login.swift */ = {isa = PBXFileReference; lastKnownFileType = sourcecode.swift; path = Login.swift; sourceTree = "<group>"; };
		F561C9502BCC96E5000CA58A /* LoginUseCase.swift */ = {isa = PBXFileReference; lastKnownFileType = sourcecode.swift; path = LoginUseCase.swift; sourceTree = "<group>"; };
		F561C9572BCCA982000CA58A /* Provider.swift */ = {isa = PBXFileReference; lastKnownFileType = sourcecode.swift; path = Provider.swift; sourceTree = "<group>"; };
		F56A89242BC8AF4B0016307E /* Timetonic.app */ = {isa = PBXFileReference; explicitFileType = wrapper.application; includeInIndex = 0; path = Timetonic.app; sourceTree = BUILT_PRODUCTS_DIR; };
		F56A89272BC8AF4B0016307E /* TimetonicApp.swift */ = {isa = PBXFileReference; lastKnownFileType = sourcecode.swift; path = TimetonicApp.swift; sourceTree = "<group>"; };
		F56A89292BC8AF4B0016307E /* MainView.swift */ = {isa = PBXFileReference; lastKnownFileType = sourcecode.swift; path = MainView.swift; sourceTree = "<group>"; };
		F56A892B2BC8AF4E0016307E /* Assets.xcassets */ = {isa = PBXFileReference; lastKnownFileType = folder.assetcatalog; path = Assets.xcassets; sourceTree = "<group>"; };
		F56A892D2BC8AF4E0016307E /* Timetonic.entitlements */ = {isa = PBXFileReference; lastKnownFileType = text.plist.entitlements; path = Timetonic.entitlements; sourceTree = "<group>"; };
		F56A892F2BC8AF4E0016307E /* Preview Assets.xcassets */ = {isa = PBXFileReference; lastKnownFileType = folder.assetcatalog; path = "Preview Assets.xcassets"; sourceTree = "<group>"; };
		F56A89362BC8AF760016307E /* LoginPageView.swift */ = {isa = PBXFileReference; lastKnownFileType = sourcecode.swift; path = LoginPageView.swift; sourceTree = "<group>"; };
		F56A89392BC8AFCE0016307E /* Modifiers.swift */ = {isa = PBXFileReference; lastKnownFileType = sourcecode.swift; path = Modifiers.swift; sourceTree = "<group>"; };
		F56A89402BC8BD1A0016307E /* LoginPageViewModel.swift */ = {isa = PBXFileReference; lastKnownFileType = sourcecode.swift; path = LoginPageViewModel.swift; sourceTree = "<group>"; };
		F56A89422BC8BD280016307E /* LandingPageView.swift */ = {isa = PBXFileReference; lastKnownFileType = sourcecode.swift; path = LandingPageView.swift; sourceTree = "<group>"; };
		F56A89442BC8BD4C0016307E /* LandingPageViewModel.swift */ = {isa = PBXFileReference; lastKnownFileType = sourcecode.swift; path = LandingPageViewModel.swift; sourceTree = "<group>"; };
		F56A89472BC8DD7F0016307E /* LandingPageCell.swift */ = {isa = PBXFileReference; lastKnownFileType = sourcecode.swift; path = LandingPageCell.swift; sourceTree = "<group>"; };
/* End PBXFileReference section */

/* Begin PBXFrameworksBuildPhase section */
		F56A89212BC8AF4B0016307E /* Frameworks */ = {
			isa = PBXFrameworksBuildPhase;
			buildActionMask = 2147483647;
			files = (
			);
			runOnlyForDeploymentPostprocessing = 0;
		};
/* End PBXFrameworksBuildPhase section */

/* Begin PBXGroup section */
		F561C9312BCAB05A000CA58A /* NetworkManager */ = {
			isa = PBXGroup;
			children = (
				F561C9322BCAB105000CA58A /* RemoteBooksDataSource.swift */,
				F561C9342BCAB114000CA58A /* DTO */,
			);
			path = NetworkManager;
			sourceTree = "<group>";
		};
		F561C9342BCAB114000CA58A /* DTO */ = {
			isa = PBXGroup;
			children = (
				F561C9352BCAB12E000CA58A /* TimetonicDTO.swift */,
			);
			path = DTO;
			sourceTree = "<group>";
		};
		F561C93F2BCAB2E5000CA58A /* Domain */ = {
			isa = PBXGroup;
			children = (
				F561C9422BCAB2FB000CA58A /* Entities */,
				F561C9412BCAB2F5000CA58A /* Interfaces */,
				F561C9402BCAB2EE000CA58A /* UseCases */,
			);
			name = Domain;
			sourceTree = "<group>";
		};
		F561C9402BCAB2EE000CA58A /* UseCases */ = {
			isa = PBXGroup;
			children = (
				F561C9432BCAB362000CA58A /* FetchBooksUseCase.swift */,
				F561C9502BCC96E5000CA58A /* LoginUseCase.swift */,
			);
			name = UseCases;
			sourceTree = "<group>";
		};
		F561C9412BCAB2F5000CA58A /* Interfaces */ = {
			isa = PBXGroup;
			children = (
				F561C9452BCAB390000CA58A /* BooksProtocol.swift */,
			);
			name = Interfaces;
			sourceTree = "<group>";
		};
		F561C9422BCAB2FB000CA58A /* Entities */ = {
			isa = PBXGroup;
			children = (
				F561C9472BCAB3A3000CA58A /* Book.swift */,
				F561C94E2BCC94A9000CA58A /* Login.swift */,
			);
			name = Entities;
			sourceTree = "<group>";
		};
		F561C94B2BCC8E40000CA58A /* Interfaces */ = {
			isa = PBXGroup;
			children = (
				F561C94C2BCC8E6B000CA58A /* UILayerInterfaces.swift */,
			);
			path = Interfaces;
			sourceTree = "<group>";
		};
		F561C9522BCCA8EA000CA58A /* Views */ = {
			isa = PBXGroup;
			children = (
				F56A89292BC8AF4B0016307E /* MainView.swift */,
				F561C9552BCCA94B000CA58A /* Login */,
				F561C9542BCCA93B000CA58A /* LandingPage */,
			);
			path = Views;
			sourceTree = "<group>";
		};
		F561C9532BCCA8F4000CA58A /* ViewModels */ = {
			isa = PBXGroup;
			children = (
				F561C95A2BCCCB55000CA58A /* Login */,
				F561C9592BCCCB4A000CA58A /* LandingPage */,
			);
			path = ViewModels;
			sourceTree = "<group>";
		};
		F561C9542BCCA93B000CA58A /* LandingPage */ = {
			isa = PBXGroup;
			children = (
				F56A89422BC8BD280016307E /* LandingPageView.swift */,
				F56A89462BC8DD610016307E /* Cell */,
			);
			path = LandingPage;
			sourceTree = "<group>";
		};
		F561C9552BCCA94B000CA58A /* Login */ = {
			isa = PBXGroup;
			children = (
				F56A89362BC8AF760016307E /* LoginPageView.swift */,
			);
			path = Login;
			sourceTree = "<group>";
		};
		F561C9562BCCA96C000CA58A /* DI */ = {
			isa = PBXGroup;
			children = (
				F561C9572BCCA982000CA58A /* Provider.swift */,
			);
			path = DI;
			sourceTree = "<group>";
		};
		F561C9592BCCCB4A000CA58A /* LandingPage */ = {
			isa = PBXGroup;
			children = (
				F56A89442BC8BD4C0016307E /* LandingPageViewModel.swift */,
			);
			path = LandingPage;
			sourceTree = "<group>";
		};
		F561C95A2BCCCB55000CA58A /* Login */ = {
			isa = PBXGroup;
			children = (
				F56A89402BC8BD1A0016307E /* LoginPageViewModel.swift */,
			);
			path = Login;
			sourceTree = "<group>";
		};
		F561C95B2BCCCBC5000CA58A /* Repository */ = {
			isa = PBXGroup;
			children = (
				F561C92F2BCAB056000CA58A /* BooksRepository.swift */,
			);
			path = Repository;
			sourceTree = "<group>";
		};
		F56A891B2BC8AF4B0016307E = {
			isa = PBXGroup;
			children = (
				F56A89262BC8AF4B0016307E /* Timetonic */,
				F56A89252BC8AF4B0016307E /* Products */,
			);
			sourceTree = "<group>";
		};
		F56A89252BC8AF4B0016307E /* Products */ = {
			isa = PBXGroup;
			children = (
				F56A89242BC8AF4B0016307E /* Timetonic.app */,
			);
			name = Products;
			sourceTree = "<group>";
		};
		F56A89262BC8AF4B0016307E /* Timetonic */ = {
			isa = PBXGroup;
			children = (
				F56A89272BC8AF4B0016307E /* TimetonicApp.swift */,
				F561C9562BCCA96C000CA58A /* DI */,
				F56A893B2BC8BA750016307E /* UI */,
				F561C93F2BCAB2E5000CA58A /* Domain */,
				F56A893E2BC8BCFA0016307E /* Data */,
				F56A89382BC8AFA70016307E /* Utilities */,
				F56A892B2BC8AF4E0016307E /* Assets.xcassets */,
				F56A892D2BC8AF4E0016307E /* Timetonic.entitlements */,
				F56A892E2BC8AF4E0016307E /* Preview Content */,
			);
			path = Timetonic;
			sourceTree = "<group>";
		};
		F56A892E2BC8AF4E0016307E /* Preview Content */ = {
			isa = PBXGroup;
			children = (
				F56A892F2BC8AF4E0016307E /* Preview Assets.xcassets */,
			);
			path = "Preview Content";
			sourceTree = "<group>";
		};
		F56A89382BC8AFA70016307E /* Utilities */ = {
			isa = PBXGroup;
			children = (
				F56A89392BC8AFCE0016307E /* Modifiers.swift */,
				F561C9492BCC8322000CA58A /* Constants.swift */,
			);
			path = Utilities;
			sourceTree = "<group>";
		};
		F56A893B2BC8BA750016307E /* UI */ = {
			isa = PBXGroup;
			children = (
				F561C9522BCCA8EA000CA58A /* Views */,
				F561C9532BCCA8F4000CA58A /* ViewModels */,
				F561C94B2BCC8E40000CA58A /* Interfaces */,
			);
			path = UI;
			sourceTree = "<group>";
		};
		F56A893E2BC8BCFA0016307E /* Data */ = {
			isa = PBXGroup;
			children = (
				F561C95B2BCCCBC5000CA58A /* Repository */,
				F561C9312BCAB05A000CA58A /* NetworkManager */,
			);
			path = Data;
			sourceTree = "<group>";
		};
		F56A89462BC8DD610016307E /* Cell */ = {
			isa = PBXGroup;
			children = (
				F56A89472BC8DD7F0016307E /* LandingPageCell.swift */,
			);
			path = Cell;
			sourceTree = "<group>";
		};
/* End PBXGroup section */

/* Begin PBXNativeTarget section */
		F56A89232BC8AF4B0016307E /* Timetonic */ = {
			isa = PBXNativeTarget;
			buildConfigurationList = F56A89332BC8AF4E0016307E /* Build configuration list for PBXNativeTarget "Timetonic" */;
			buildPhases = (
				F56A89202BC8AF4B0016307E /* Sources */,
				F56A89212BC8AF4B0016307E /* Frameworks */,
				F56A89222BC8AF4B0016307E /* Resources */,
			);
			buildRules = (
			);
			dependencies = (
			);
			name = Timetonic;
			productName = Timetonic;
			productReference = F56A89242BC8AF4B0016307E /* Timetonic.app */;
			productType = "com.apple.product-type.application";
		};
/* End PBXNativeTarget section */

/* Begin PBXProject section */
		F56A891C2BC8AF4B0016307E /* Project object */ = {
			isa = PBXProject;
			attributes = {
				BuildIndependentTargetsInParallel = 1;
				LastSwiftUpdateCheck = 1500;
				LastUpgradeCheck = 1500;
				TargetAttributes = {
					F56A89232BC8AF4B0016307E = {
						CreatedOnToolsVersion = 15.0.1;
					};
				};
			};
			buildConfigurationList = F56A891F2BC8AF4B0016307E /* Build configuration list for PBXProject "Timetonic" */;
			compatibilityVersion = "Xcode 14.0";
			developmentRegion = en;
			hasScannedForEncodings = 0;
			knownRegions = (
				en,
				Base,
			);
			mainGroup = F56A891B2BC8AF4B0016307E;
			productRefGroup = F56A89252BC8AF4B0016307E /* Products */;
			projectDirPath = "";
			projectRoot = "";
			targets = (
				F56A89232BC8AF4B0016307E /* Timetonic */,
			);
		};
/* End PBXProject section */

/* Begin PBXResourcesBuildPhase section */
		F56A89222BC8AF4B0016307E /* Resources */ = {
			isa = PBXResourcesBuildPhase;
			buildActionMask = 2147483647;
			files = (
				F56A89302BC8AF4E0016307E /* Preview Assets.xcassets in Resources */,
				F56A892C2BC8AF4E0016307E /* Assets.xcassets in Resources */,
			);
			runOnlyForDeploymentPostprocessing = 0;
		};
/* End PBXResourcesBuildPhase section */

/* Begin PBXSourcesBuildPhase section */
		F56A89202BC8AF4B0016307E /* Sources */ = {
			isa = PBXSourcesBuildPhase;
			buildActionMask = 2147483647;
			files = (
				F561C9362BCAB12E000CA58A /* TimetonicDTO.swift in Sources */,
				F561C94F2BCC94A9000CA58A /* Login.swift in Sources */,
				F561C94D2BCC8E6B000CA58A /* UILayerInterfaces.swift in Sources */,
				F56A89452BC8BD4C0016307E /* LandingPageViewModel.swift in Sources */,
				F561C9482BCAB3A3000CA58A /* Book.swift in Sources */,
				F561C9332BCAB105000CA58A /* RemoteBooksDataSource.swift in Sources */,
				F56A893A2BC8AFCE0016307E /* Modifiers.swift in Sources */,
				F561C94A2BCC8322000CA58A /* Constants.swift in Sources */,
				F56A89482BC8DD7F0016307E /* LandingPageCell.swift in Sources */,
				F56A892A2BC8AF4B0016307E /* MainView.swift in Sources */,
				F561C9582BCCA982000CA58A /* Provider.swift in Sources */,
				F56A89432BC8BD280016307E /* LandingPageView.swift in Sources */,
				F561C9462BCAB390000CA58A /* BooksProtocol.swift in Sources */,
				F561C9442BCAB362000CA58A /* FetchBooksUseCase.swift in Sources */,
				F56A89372BC8AF760016307E /* LoginPageView.swift in Sources */,
				F56A89412BC8BD1A0016307E /* LoginPageViewModel.swift in Sources */,
				F561C9302BCAB057000CA58A /* BooksRepository.swift in Sources */,
				F56A89282BC8AF4B0016307E /* TimetonicApp.swift in Sources */,
				F561C9512BCC96E5000CA58A /* LoginUseCase.swift in Sources */,
			);
			runOnlyForDeploymentPostprocessing = 0;
		};
/* End PBXSourcesBuildPhase section */

/* Begin XCBuildConfiguration section */
		F56A89312BC8AF4E0016307E /* Debug */ = {
			isa = XCBuildConfiguration;
			buildSettings = {
				ALWAYS_SEARCH_USER_PATHS = NO;
				ASSETCATALOG_COMPILER_GENERATE_SWIFT_ASSET_SYMBOL_EXTENSIONS = YES;
				CLANG_ANALYZER_NONNULL = YES;
				CLANG_ANALYZER_NUMBER_OBJECT_CONVERSION = YES_AGGRESSIVE;
				CLANG_CXX_LANGUAGE_STANDARD = "gnu++20";
				CLANG_ENABLE_MODULES = YES;
				CLANG_ENABLE_OBJC_ARC = YES;
				CLANG_ENABLE_OBJC_WEAK = YES;
				CLANG_WARN_BLOCK_CAPTURE_AUTORELEASING = YES;
				CLANG_WARN_BOOL_CONVERSION = YES;
				CLANG_WARN_COMMA = YES;
				CLANG_WARN_CONSTANT_CONVERSION = YES;
				CLANG_WARN_DEPRECATED_OBJC_IMPLEMENTATIONS = YES;
				CLANG_WARN_DIRECT_OBJC_ISA_USAGE = YES_ERROR;
				CLANG_WARN_DOCUMENTATION_COMMENTS = YES;
				CLANG_WARN_EMPTY_BODY = YES;
				CLANG_WARN_ENUM_CONVERSION = YES;
				CLANG_WARN_INFINITE_RECURSION = YES;
				CLANG_WARN_INT_CONVERSION = YES;
				CLANG_WARN_NON_LITERAL_NULL_CONVERSION = YES;
				CLANG_WARN_OBJC_IMPLICIT_RETAIN_SELF = YES;
				CLANG_WARN_OBJC_LITERAL_CONVERSION = YES;
				CLANG_WARN_OBJC_ROOT_CLASS = YES_ERROR;
				CLANG_WARN_QUOTED_INCLUDE_IN_FRAMEWORK_HEADER = YES;
				CLANG_WARN_RANGE_LOOP_ANALYSIS = YES;
				CLANG_WARN_STRICT_PROTOTYPES = YES;
				CLANG_WARN_SUSPICIOUS_MOVE = YES;
				CLANG_WARN_UNGUARDED_AVAILABILITY = YES_AGGRESSIVE;
				CLANG_WARN_UNREACHABLE_CODE = YES;
				CLANG_WARN__DUPLICATE_METHOD_MATCH = YES;
				COPY_PHASE_STRIP = NO;
				DEBUG_INFORMATION_FORMAT = dwarf;
				ENABLE_STRICT_OBJC_MSGSEND = YES;
				ENABLE_TESTABILITY = YES;
				ENABLE_USER_SCRIPT_SANDBOXING = YES;
				GCC_C_LANGUAGE_STANDARD = gnu17;
				GCC_DYNAMIC_NO_PIC = NO;
				GCC_NO_COMMON_BLOCKS = YES;
				GCC_OPTIMIZATION_LEVEL = 0;
				GCC_PREPROCESSOR_DEFINITIONS = (
					"DEBUG=1",
					"$(inherited)",
				);
				GCC_WARN_64_TO_32_BIT_CONVERSION = YES;
				GCC_WARN_ABOUT_RETURN_TYPE = YES_ERROR;
				GCC_WARN_UNDECLARED_SELECTOR = YES;
				GCC_WARN_UNINITIALIZED_AUTOS = YES_AGGRESSIVE;
				GCC_WARN_UNUSED_FUNCTION = YES;
				GCC_WARN_UNUSED_VARIABLE = YES;
				LOCALIZATION_PREFERS_STRING_CATALOGS = YES;
				MTL_ENABLE_DEBUG_INFO = INCLUDE_SOURCE;
				MTL_FAST_MATH = YES;
				ONLY_ACTIVE_ARCH = YES;
				SWIFT_ACTIVE_COMPILATION_CONDITIONS = "DEBUG $(inherited)";
				SWIFT_OPTIMIZATION_LEVEL = "-Onone";
			};
			name = Debug;
		};
		F56A89322BC8AF4E0016307E /* Release */ = {
			isa = XCBuildConfiguration;
			buildSettings = {
				ALWAYS_SEARCH_USER_PATHS = NO;
				ASSETCATALOG_COMPILER_GENERATE_SWIFT_ASSET_SYMBOL_EXTENSIONS = YES;
				CLANG_ANALYZER_NONNULL = YES;
				CLANG_ANALYZER_NUMBER_OBJECT_CONVERSION = YES_AGGRESSIVE;
				CLANG_CXX_LANGUAGE_STANDARD = "gnu++20";
				CLANG_ENABLE_MODULES = YES;
				CLANG_ENABLE_OBJC_ARC = YES;
				CLANG_ENABLE_OBJC_WEAK = YES;
				CLANG_WARN_BLOCK_CAPTURE_AUTORELEASING = YES;
				CLANG_WARN_BOOL_CONVERSION = YES;
				CLANG_WARN_COMMA = YES;
				CLANG_WARN_CONSTANT_CONVERSION = YES;
				CLANG_WARN_DEPRECATED_OBJC_IMPLEMENTATIONS = YES;
				CLANG_WARN_DIRECT_OBJC_ISA_USAGE = YES_ERROR;
				CLANG_WARN_DOCUMENTATION_COMMENTS = YES;
				CLANG_WARN_EMPTY_BODY = YES;
				CLANG_WARN_ENUM_CONVERSION = YES;
				CLANG_WARN_INFINITE_RECURSION = YES;
				CLANG_WARN_INT_CONVERSION = YES;
				CLANG_WARN_NON_LITERAL_NULL_CONVERSION = YES;
				CLANG_WARN_OBJC_IMPLICIT_RETAIN_SELF = YES;
				CLANG_WARN_OBJC_LITERAL_CONVERSION = YES;
				CLANG_WARN_OBJC_ROOT_CLASS = YES_ERROR;
				CLANG_WARN_QUOTED_INCLUDE_IN_FRAMEWORK_HEADER = YES;
				CLANG_WARN_RANGE_LOOP_ANALYSIS = YES;
				CLANG_WARN_STRICT_PROTOTYPES = YES;
				CLANG_WARN_SUSPICIOUS_MOVE = YES;
				CLANG_WARN_UNGUARDED_AVAILABILITY = YES_AGGRESSIVE;
				CLANG_WARN_UNREACHABLE_CODE = YES;
				CLANG_WARN__DUPLICATE_METHOD_MATCH = YES;
				COPY_PHASE_STRIP = NO;
				DEBUG_INFORMATION_FORMAT = "dwarf-with-dsym";
				ENABLE_NS_ASSERTIONS = NO;
				ENABLE_STRICT_OBJC_MSGSEND = YES;
				ENABLE_USER_SCRIPT_SANDBOXING = YES;
				GCC_C_LANGUAGE_STANDARD = gnu17;
				GCC_NO_COMMON_BLOCKS = YES;
				GCC_WARN_64_TO_32_BIT_CONVERSION = YES;
				GCC_WARN_ABOUT_RETURN_TYPE = YES_ERROR;
				GCC_WARN_UNDECLARED_SELECTOR = YES;
				GCC_WARN_UNINITIALIZED_AUTOS = YES_AGGRESSIVE;
				GCC_WARN_UNUSED_FUNCTION = YES;
				GCC_WARN_UNUSED_VARIABLE = YES;
				LOCALIZATION_PREFERS_STRING_CATALOGS = YES;
				MTL_ENABLE_DEBUG_INFO = NO;
				MTL_FAST_MATH = YES;
				SWIFT_COMPILATION_MODE = wholemodule;
			};
			name = Release;
		};
		F56A89342BC8AF4E0016307E /* Debug */ = {
			isa = XCBuildConfiguration;
			buildSettings = {
				ASSETCATALOG_COMPILER_APPICON_NAME = AppIcon;
				ASSETCATALOG_COMPILER_GLOBAL_ACCENT_COLOR_NAME = AccentColor;
				CODE_SIGN_ENTITLEMENTS = Timetonic/Timetonic.entitlements;
				CODE_SIGN_STYLE = Automatic;
				CURRENT_PROJECT_VERSION = 1;
				DEVELOPMENT_ASSET_PATHS = "\"Timetonic/Preview Content\"";
				DEVELOPMENT_TEAM = Y73B3AKDX7;
				ENABLE_HARDENED_RUNTIME = YES;
				ENABLE_PREVIEWS = YES;
				GENERATE_INFOPLIST_FILE = YES;
				"INFOPLIST_KEY_UIApplicationSceneManifest_Generation[sdk=iphoneos*]" = YES;
				"INFOPLIST_KEY_UIApplicationSceneManifest_Generation[sdk=iphonesimulator*]" = YES;
				"INFOPLIST_KEY_UIApplicationSupportsIndirectInputEvents[sdk=iphoneos*]" = YES;
				"INFOPLIST_KEY_UIApplicationSupportsIndirectInputEvents[sdk=iphonesimulator*]" = YES;
				"INFOPLIST_KEY_UILaunchScreen_Generation[sdk=iphoneos*]" = YES;
				"INFOPLIST_KEY_UILaunchScreen_Generation[sdk=iphonesimulator*]" = YES;
				"INFOPLIST_KEY_UIStatusBarStyle[sdk=iphoneos*]" = UIStatusBarStyleDefault;
				"INFOPLIST_KEY_UIStatusBarStyle[sdk=iphonesimulator*]" = UIStatusBarStyleDefault;
				INFOPLIST_KEY_UISupportedInterfaceOrientations_iPad = "UIInterfaceOrientationPortrait UIInterfaceOrientationPortraitUpsideDown UIInterfaceOrientationLandscapeLeft UIInterfaceOrientationLandscapeRight";
				INFOPLIST_KEY_UISupportedInterfaceOrientations_iPhone = "UIInterfaceOrientationPortrait UIInterfaceOrientationLandscapeLeft UIInterfaceOrientationLandscapeRight";
				INFOPLIST_KEY_UIUserInterfaceStyle = Light;
				IPHONEOS_DEPLOYMENT_TARGET = 17.0;
				LD_RUNPATH_SEARCH_PATHS = "@executable_path/Frameworks";
				"LD_RUNPATH_SEARCH_PATHS[sdk=macosx*]" = "@executable_path/../Frameworks";
				MACOSX_DEPLOYMENT_TARGET = 14.0;
				MARKETING_VERSION = 1.0;
				PRODUCT_BUNDLE_IDENTIFIER = com.juanbernier.Timetonic;
				PRODUCT_NAME = "$(TARGET_NAME)";
				SDKROOT = auto;
				SUPPORTED_PLATFORMS = "iphoneos iphonesimulator macosx";
				SWIFT_EMIT_LOC_STRINGS = YES;
				SWIFT_VERSION = 5.0;
				TARGETED_DEVICE_FAMILY = "1,2";
			};
			name = Debug;
		};
		F56A89352BC8AF4E0016307E /* Release */ = {
			isa = XCBuildConfiguration;
			buildSettings = {
				ASSETCATALOG_COMPILER_APPICON_NAME = AppIcon;
				ASSETCATALOG_COMPILER_GLOBAL_ACCENT_COLOR_NAME = AccentColor;
				CODE_SIGN_ENTITLEMENTS = Timetonic/Timetonic.entitlements;
				CODE_SIGN_STYLE = Automatic;
				CURRENT_PROJECT_VERSION = 1;
				DEVELOPMENT_ASSET_PATHS = "\"Timetonic/Preview Content\"";
				DEVELOPMENT_TEAM = Y73B3AKDX7;
				ENABLE_HARDENED_RUNTIME = YES;
				ENABLE_PREVIEWS = YES;
				GENERATE_INFOPLIST_FILE = YES;
				"INFOPLIST_KEY_UIApplicationSceneManifest_Generation[sdk=iphoneos*]" = YES;
				"INFOPLIST_KEY_UIApplicationSceneManifest_Generation[sdk=iphonesimulator*]" = YES;
				"INFOPLIST_KEY_UIApplicationSupportsIndirectInputEvents[sdk=iphoneos*]" = YES;
				"INFOPLIST_KEY_UIApplicationSupportsIndirectInputEvents[sdk=iphonesimulator*]" = YES;
				"INFOPLIST_KEY_UILaunchScreen_Generation[sdk=iphoneos*]" = YES;
				"INFOPLIST_KEY_UILaunchScreen_Generation[sdk=iphonesimulator*]" = YES;
				"INFOPLIST_KEY_UIStatusBarStyle[sdk=iphoneos*]" = UIStatusBarStyleDefault;
				"INFOPLIST_KEY_UIStatusBarStyle[sdk=iphonesimulator*]" = UIStatusBarStyleDefault;
				INFOPLIST_KEY_UISupportedInterfaceOrientations_iPad = "UIInterfaceOrientationPortrait UIInterfaceOrientationPortraitUpsideDown UIInterfaceOrientationLandscapeLeft UIInterfaceOrientationLandscapeRight";
				INFOPLIST_KEY_UISupportedInterfaceOrientations_iPhone = "UIInterfaceOrientationPortrait UIInterfaceOrientationLandscapeLeft UIInterfaceOrientationLandscapeRight";
				INFOPLIST_KEY_UIUserInterfaceStyle = Light;
				IPHONEOS_DEPLOYMENT_TARGET = 17.0;
				LD_RUNPATH_SEARCH_PATHS = "@executable_path/Frameworks";
				"LD_RUNPATH_SEARCH_PATHS[sdk=macosx*]" = "@executable_path/../Frameworks";
				MACOSX_DEPLOYMENT_TARGET = 14.0;
				MARKETING_VERSION = 1.0;
				PRODUCT_BUNDLE_IDENTIFIER = com.juanbernier.Timetonic;
				PRODUCT_NAME = "$(TARGET_NAME)";
				SDKROOT = auto;
				SUPPORTED_PLATFORMS = "iphoneos iphonesimulator macosx";
				SWIFT_EMIT_LOC_STRINGS = YES;
				SWIFT_VERSION = 5.0;
				TARGETED_DEVICE_FAMILY = "1,2";
			};
			name = Release;
		};
/* End XCBuildConfiguration section */

/* Begin XCConfigurationList section */
		F56A891F2BC8AF4B0016307E /* Build configuration list for PBXProject "Timetonic" */ = {
			isa = XCConfigurationList;
			buildConfigurations = (
				F56A89312BC8AF4E0016307E /* Debug */,
				F56A89322BC8AF4E0016307E /* Release */,
			);
			defaultConfigurationIsVisible = 0;
			defaultConfigurationName = Release;
		};
		F56A89332BC8AF4E0016307E /* Build configuration list for PBXNativeTarget "Timetonic" */ = {
			isa = XCConfigurationList;
			buildConfigurations = (
				F56A89342BC8AF4E0016307E /* Debug */,
				F56A89352BC8AF4E0016307E /* Release */,
			);
			defaultConfigurationIsVisible = 0;
			defaultConfigurationName = Release;
		};
/* End XCConfigurationList section */
	};
	rootObject = F56A891C2BC8AF4B0016307E /* Project object */;
}
